
Microsoft Visual Studio Solution File, Format Version 12.00
# Visual Studio Version 17
VisualStudioVersion = 17.8.34322.80
MinimumVisualStudioVersion = 10.0.40219.1
Project("{FAE04EC0-301F-11D3-BF4B-00C04F79EFBC}") = "ConsoleApp1", "ConsoleApp1.csproj", "{4D67D930-9DB3-48AA-8995-7457DD8B40C7}"
EndProject
Global
	GlobalSection(SolutionConfigurationPlatforms) = preSolution
		Debug|Any CPU = Debug|Any CPU
		Release|Any CPU = Release|Any CPU
	EndGlobalSection
	GlobalSection(ProjectConfigurationPlatforms) = postSolution
		{4D67D930-9DB3-48AA-8995-7457DD8B40C7}.Debug|Any CPU.ActiveCfg = Debug|Any CPU
		{4D67D930-9DB3-48AA-8995-7457DD8B40C7}.Debug|Any CPU.Build.0 = Debug|Any CPU
		{4D67D930-9DB3-48AA-8995-7457DD8B40C7}.Release|Any CPU.ActiveCfg = Release|Any CPU
		{4D67D930-9DB3-48AA-8995-7457DD8B40C7}.Release|Any CPU.Build.0 = Release|Any CPU
	EndGlobalSection
	GlobalSection(SolutionProperties) = preSolution
		HideSolutionNode = FALSE
	EndGlobalSection
	GlobalSection(ExtensibilityGlobals) = postSolution
		SolutionGuid = {1251F7E3-842A-48D3-A49F-D195983B5F0B}
	EndGlobalSection
EndGlobal
