
Microsoft Visual Studio Solution File, Format Version 12.00
# Visual Studio Version 17
VisualStudioVersion = 17.7.34221.43
MinimumVisualStudioVersion = 10.0.40219.1
Project("{FAE04EC0-301F-11D3-BF4B-00C04F79EFBC}") = "TopPlaces", "TopPlaces.csproj", "{5153FE60-1593-43D4-9451-53C7712ED6B6}"
EndProject
Global
	GlobalSection(SolutionConfigurationPlatforms) = preSolution
		Debug|Any CPU = Debug|Any CPU
		Release|Any CPU = Release|Any CPU
	EndGlobalSection
	GlobalSection(ProjectConfigurationPlatforms) = postSolution
		{5153FE60-1593-43D4-9451-53C7712ED6B6}.Debug|Any CPU.ActiveCfg = Debug|Any CPU
		{5153FE60-1593-43D4-9451-53C7712ED6B6}.Debug|Any CPU.Build.0 = Debug|Any CPU
		{5153FE60-1593-43D4-9451-53C7712ED6B6}.Release|Any CPU.ActiveCfg = Release|Any CPU
		{5153FE60-1593-43D4-9451-53C7712ED6B6}.Release|Any CPU.Build.0 = Release|Any CPU
	EndGlobalSection
	GlobalSection(SolutionProperties) = preSolution
		HideSolutionNode = FALSE
	EndGlobalSection
	GlobalSection(ExtensibilityGlobals) = postSolution
		SolutionGuid = {4614AC53-1B0B-4C4F-94B7-E3254BA39076}
	EndGlobalSection
EndGlobal
